schema: '2.0'
stages:
  data_ingestion:
    cmd: python src/data/data_ingestion.py
    deps:
    - path: src/data/data_ingestion.py
      hash: md5
      md5: bb90bfe1d3421ae80bc439a161d04e3e
      size: 3449
    params:
      params.yaml:
        data_ingestion.test_size: 0.3
    outs:
    - path: data/raw
      hash: md5
      md5: 03b3b604b1f92a17191a7fc947e576d6.dir
      size: 827973
      nfiles: 2
  data_preprocessing:
    cmd: python src/data/data_preprocessing.py
    deps:
    - path: data/raw
      hash: md5
      md5: 03b3b604b1f92a17191a7fc947e576d6.dir
      size: 827973
      nfiles: 2
    - path: src/data/data_preprocessing.py
      hash: md5
      md5: 2031843912c4af269f668db21e154783
      size: 3895
    outs:
    - path: data/interim
      hash: md5
      md5: 5dc0cd6aef8578eb36f1b67dc4d67723.dir
      size: 566210
      nfiles: 2
  feature_engineering:
    cmd: python src/features/feature_engineering.py
    deps:
    - path: data/interim
      hash: md5
      md5: 5dc0cd6aef8578eb36f1b67dc4d67723.dir
      size: 566210
      nfiles: 2
    - path: src/features/feature_engineering.py
      hash: md5
      md5: a4e2c9d9336aabf06653beacce87912e
      size: 3770
    params:
      params.yaml:
        feature_engineering.max_features: 5000
    outs:
    - path: data/processed
      hash: md5
      md5: b8081e9dca60113474007ae7ee269c74.dir
      size: 103818916
      nfiles: 2
    - path: models/vectorizer.pkl
      hash: md5
      md5: 8b8e36ec1e36384edf1f143695f163e9
      size: 140802
  model_building:
    cmd: python src/model/model_building.py
    deps:
    - path: data/processed
      hash: md5
      md5: b8081e9dca60113474007ae7ee269c74.dir
      size: 103818916
      nfiles: 2
    - path: src/model/model_building.py
      hash: md5
      md5: 4d89bb8181366c524ab585b55705b265
      size: 2298
    outs:
    - path: models/model.pkl
      hash: md5
      md5: 9850f46123843c6280bb30e7f5c7192d
      size: 40717
  model_evaluation:
    cmd: python src/model/model_evaluation.py
    deps:
    - path: models/model.pkl
      hash: md5
      md5: 9850f46123843c6280bb30e7f5c7192d
      size: 40717
    - path: src/model/model_evaluation.py
      hash: md5
      md5: 8a8be2536533a0d22045e36fa8a4bf27
      size: 5569
    outs:
    - path: reports/experiment_info.json
      hash: md5
      md5: 39366fde63b577da04f398c0b6028af5
      size: 82
    - path: reports/metrics.json
      hash: md5
      md5: 32e63d988704e6288ba532ee06e2ffea
      size: 144
  model_registration:
    cmd: python src/model/register_model.py
    deps:
    - path: reports/experiment_info.json
      hash: md5
      md5: 39366fde63b577da04f398c0b6028af5
      size: 82
    - path: src/model/register_model.py
      hash: md5
      md5: aec7f041fb86fb7ff427db2c1ff2790c
      size: 2869
